
Microsoft Visual Studio Solution File, Format Version 12.00
# Visual Studio Version 17
VisualStudioVersion = 17.0.32014.148
MinimumVisualStudioVersion = 10.0.40219.1
Project("{8BC9CEB8-8B4A-11D0-8D11-00A0C91BC942}") = "MNISTFileLib", "MNISTFileLib\MNISTFileLib.vcxproj", "{76A9BACF-CD62-4319-A7C5-1FEE321CA7C8}"
EndProject
Project("{8BC9CEB8-8B4A-11D0-8D11-00A0C91BC942}") = "feedforwardnetmnist", "feedforwardnetmnist\feedforwardnetmnist.vcxproj", "{F012A6E2-DCF1-433D-88DF-6E7386E83A87}"
EndProject
Project("{8BC9CEB8-8B4A-11D0-8D11-00A0C91BC942}") = "ImageLibOGL", "ImageLibOGL\ImageLibOGL.vcxproj", "{CD5EBC72-0F18-42FB-8AE4-D7B1BECE8AD5}"
EndProject
Global
	GlobalSection(SolutionConfigurationPlatforms) = preSolution
		Debug|x64 = Debug|x64
		Debug|x86 = Debug|x86
		Release|x64 = Release|x64
		Release|x86 = Release|x86
	EndGlobalSection
	GlobalSection(ProjectConfigurationPlatforms) = postSolution
		{76A9BACF-CD62-4319-A7C5-1FEE321CA7C8}.Debug|x64.ActiveCfg = Debug|x64
		{76A9BACF-CD62-4319-A7C5-1FEE321CA7C8}.Debug|x64.Build.0 = Debug|x64
		{76A9BACF-CD62-4319-A7C5-1FEE321CA7C8}.Debug|x86.ActiveCfg = Debug|Win32
		{76A9BACF-CD62-4319-A7C5-1FEE321CA7C8}.Debug|x86.Build.0 = Debug|Win32
		{76A9BACF-CD62-4319-A7C5-1FEE321CA7C8}.Release|x64.ActiveCfg = Release|x64
		{76A9BACF-CD62-4319-A7C5-1FEE321CA7C8}.Release|x64.Build.0 = Release|x64
		{76A9BACF-CD62-4319-A7C5-1FEE321CA7C8}.Release|x86.ActiveCfg = Release|Win32
		{76A9BACF-CD62-4319-A7C5-1FEE321CA7C8}.Release|x86.Build.0 = Release|Win32
		{F012A6E2-DCF1-433D-88DF-6E7386E83A87}.Debug|x64.ActiveCfg = Debug|x64
		{F012A6E2-DCF1-433D-88DF-6E7386E83A87}.Debug|x64.Build.0 = Debug|x64
		{F012A6E2-DCF1-433D-88DF-6E7386E83A87}.Debug|x86.ActiveCfg = Debug|Win32
		{F012A6E2-DCF1-433D-88DF-6E7386E83A87}.Debug|x86.Build.0 = Debug|Win32
		{F012A6E2-DCF1-433D-88DF-6E7386E83A87}.Release|x64.ActiveCfg = Release|x64
		{F012A6E2-DCF1-433D-88DF-6E7386E83A87}.Release|x64.Build.0 = Release|x64
		{F012A6E2-DCF1-433D-88DF-6E7386E83A87}.Release|x86.ActiveCfg = Release|Win32
		{F012A6E2-DCF1-433D-88DF-6E7386E83A87}.Release|x86.Build.0 = Release|Win32
		{CD5EBC72-0F18-42FB-8AE4-D7B1BECE8AD5}.Debug|x64.ActiveCfg = Debug|x64
		{CD5EBC72-0F18-42FB-8AE4-D7B1BECE8AD5}.Debug|x64.Build.0 = Debug|x64
		{CD5EBC72-0F18-42FB-8AE4-D7B1BECE8AD5}.Debug|x86.ActiveCfg = Debug|Win32
		{CD5EBC72-0F18-42FB-8AE4-D7B1BECE8AD5}.Debug|x86.Build.0 = Debug|Win32
		{CD5EBC72-0F18-42FB-8AE4-D7B1BECE8AD5}.Release|x64.ActiveCfg = Release|x64
		{CD5EBC72-0F18-42FB-8AE4-D7B1BECE8AD5}.Release|x64.Build.0 = Release|x64
		{CD5EBC72-0F18-42FB-8AE4-D7B1BECE8AD5}.Release|x86.ActiveCfg = Release|Win32
		{CD5EBC72-0F18-42FB-8AE4-D7B1BECE8AD5}.Release|x86.Build.0 = Release|Win32
	EndGlobalSection
	GlobalSection(SolutionProperties) = preSolution
		HideSolutionNode = FALSE
	EndGlobalSection
	GlobalSection(ExtensibilityGlobals) = postSolution
		SolutionGuid = {0040DA9D-3278-4BA0-8BDA-D669327CBBC6}
	EndGlobalSection
EndGlobal
